
Microsoft Visual Studio Solution File, Format Version 12.00
# Visual Studio Version 17
VisualStudioVersion = 17.11.35312.102
MinimumVisualStudioVersion = 10.0.40219.1
Project("{FAE04EC0-301F-11D3-BF4B-00C04F79EFBC}") = "MevBot.Service.Trader", "MevBot.Service.Trader\MevBot.Service.Trader.csproj", "{9293AF4E-5DD2-4CD1-9B62-223E4C1A8904}"
EndProject
Global
	GlobalSection(SolutionConfigurationPlatforms) = preSolution
		Debug|Any CPU = Debug|Any CPU
		Release|Any CPU = Release|Any CPU
	EndGlobalSection
	GlobalSection(ProjectConfigurationPlatforms) = postSolution
		{9293AF4E-5DD2-4CD1-9B62-223E4C1A8904}.Debug|Any CPU.ActiveCfg = Debug|Any CPU
		{9293AF4E-5DD2-4CD1-9B62-223E4C1A8904}.Debug|Any CPU.Build.0 = Debug|Any CPU
		{9293AF4E-5DD2-4CD1-9B62-223E4C1A8904}.Release|Any CPU.ActiveCfg = Release|Any CPU
		{9293AF4E-5DD2-4CD1-9B62-223E4C1A8904}.Release|Any CPU.Build.0 = Release|Any CPU
	EndGlobalSection
	GlobalSection(SolutionProperties) = preSolution
		HideSolutionNode = FALSE
	EndGlobalSection
	GlobalSection(ExtensibilityGlobals) = postSolution
		SolutionGuid = {60E4AF7B-3D06-44A0-B43E-4058A68939D6}
	EndGlobalSection
EndGlobal
